
Microsoft Visual Studio Solution File, Format Version 12.00
# Visual Studio Version 17
VisualStudioVersion = 17.10.34928.147
MinimumVisualStudioVersion = 10.0.40219.1
Project("{FAE04EC0-301F-11D3-BF4B-00C04F79EFBC}") = "DuAn1", "DuAn1\DuAn1.csproj", "{D6CCD139-5ED6-4139-8746-0BD2E892EBFA}"
EndProject
Global
	GlobalSection(SolutionConfigurationPlatforms) = preSolution
		Debug|Any CPU = Debug|Any CPU
		Release|Any CPU = Release|Any CPU
	EndGlobalSection
	GlobalSection(ProjectConfigurationPlatforms) = postSolution
		{D6CCD139-5ED6-4139-8746-0BD2E892EBFA}.Debug|Any CPU.ActiveCfg = Debug|Any CPU
		{D6CCD139-5ED6-4139-8746-0BD2E892EBFA}.Debug|Any CPU.Build.0 = Debug|Any CPU
		{D6CCD139-5ED6-4139-8746-0BD2E892EBFA}.Release|Any CPU.ActiveCfg = Release|Any CPU
		{D6CCD139-5ED6-4139-8746-0BD2E892EBFA}.Release|Any CPU.Build.0 = Release|Any CPU
	EndGlobalSection
	GlobalSection(SolutionProperties) = preSolution
		HideSolutionNode = FALSE
	EndGlobalSection
	GlobalSection(ExtensibilityGlobals) = postSolution
		SolutionGuid = {D64889C5-2A0A-4496-8D03-BF96DD328CD8}
	EndGlobalSection
EndGlobal
